
Microsoft Visual Studio Solution File, Format Version 12.00
# Visual Studio Version 17
VisualStudioVersion = 17.14.36414.22 d17.14
MinimumVisualStudioVersion = 10.0.40219.1
Project("{FAE04EC0-301F-11D3-BF4B-00C04F79EFBC}") = "Desafio_1036", "Desafio_1036\Desafio_1036.csproj", "{B2F0C296-E523-4611-9EF0-3F8057099015}"
EndProject
Global
	GlobalSection(SolutionConfigurationPlatforms) = preSolution
		Debug|Any CPU = Debug|Any CPU
		Release|Any CPU = Release|Any CPU
	EndGlobalSection
	GlobalSection(ProjectConfigurationPlatforms) = postSolution
		{B2F0C296-E523-4611-9EF0-3F8057099015}.Debug|Any CPU.ActiveCfg = Debug|Any CPU
		{B2F0C296-E523-4611-9EF0-3F8057099015}.Debug|Any CPU.Build.0 = Debug|Any CPU
		{B2F0C296-E523-4611-9EF0-3F8057099015}.Release|Any CPU.ActiveCfg = Release|Any CPU
		{B2F0C296-E523-4611-9EF0-3F8057099015}.Release|Any CPU.Build.0 = Release|Any CPU
	EndGlobalSection
	GlobalSection(SolutionProperties) = preSolution
		HideSolutionNode = FALSE
	EndGlobalSection
	GlobalSection(ExtensibilityGlobals) = postSolution
		SolutionGuid = {0E916336-FB01-4BBC-8ABD-B24304104477}
	EndGlobalSection
EndGlobal
