
Microsoft Visual Studio Solution File, Format Version 12.00
# Visual Studio Version 17
VisualStudioVersion = 17.14.36414.22 d17.14
MinimumVisualStudioVersion = 10.0.40219.1
Project("{FAE04EC0-301F-11D3-BF4B-00C04F79EFBC}") = "Desafio_1014", "Desafio_1014\Desafio_1014.csproj", "{05014E05-E099-4A17-87E4-8BEE748F0078}"
EndProject
Global
	GlobalSection(SolutionConfigurationPlatforms) = preSolution
		Debug|Any CPU = Debug|Any CPU
		Release|Any CPU = Release|Any CPU
	EndGlobalSection
	GlobalSection(ProjectConfigurationPlatforms) = postSolution
		{05014E05-E099-4A17-87E4-8BEE748F0078}.Debug|Any CPU.ActiveCfg = Debug|Any CPU
		{05014E05-E099-4A17-87E4-8BEE748F0078}.Debug|Any CPU.Build.0 = Debug|Any CPU
		{05014E05-E099-4A17-87E4-8BEE748F0078}.Release|Any CPU.ActiveCfg = Release|Any CPU
		{05014E05-E099-4A17-87E4-8BEE748F0078}.Release|Any CPU.Build.0 = Release|Any CPU
	EndGlobalSection
	GlobalSection(SolutionProperties) = preSolution
		HideSolutionNode = FALSE
	EndGlobalSection
	GlobalSection(ExtensibilityGlobals) = postSolution
		SolutionGuid = {A35E4E8F-1916-408C-A0A0-4916BC073590}
	EndGlobalSection
EndGlobal
