
Microsoft Visual Studio Solution File, Format Version 12.00
# Visual Studio Version 17
VisualStudioVersion = 17.14.36414.22 d17.14
MinimumVisualStudioVersion = 10.0.40219.1
Project("{FAE04EC0-301F-11D3-BF4B-00C04F79EFBC}") = "Desafio_0006_2", "Desafio_0006_2\Desafio_0006_2.csproj", "{17366A9E-386A-4602-8E16-E1082F780AAE}"
EndProject
Global
	GlobalSection(SolutionConfigurationPlatforms) = preSolution
		Debug|Any CPU = Debug|Any CPU
		Release|Any CPU = Release|Any CPU
	EndGlobalSection
	GlobalSection(ProjectConfigurationPlatforms) = postSolution
		{17366A9E-386A-4602-8E16-E1082F780AAE}.Debug|Any CPU.ActiveCfg = Debug|Any CPU
		{17366A9E-386A-4602-8E16-E1082F780AAE}.Debug|Any CPU.Build.0 = Debug|Any CPU
		{17366A9E-386A-4602-8E16-E1082F780AAE}.Release|Any CPU.ActiveCfg = Release|Any CPU
		{17366A9E-386A-4602-8E16-E1082F780AAE}.Release|Any CPU.Build.0 = Release|Any CPU
	EndGlobalSection
	GlobalSection(SolutionProperties) = preSolution
		HideSolutionNode = FALSE
	EndGlobalSection
	GlobalSection(ExtensibilityGlobals) = postSolution
		SolutionGuid = {AE972EAC-1540-4CAD-8D56-48C32BA6C75C}
	EndGlobalSection
EndGlobal
