
Microsoft Visual Studio Solution File, Format Version 12.00
# Visual Studio Version 17
VisualStudioVersion = 17.14.36414.22 d17.14
MinimumVisualStudioVersion = 10.0.40219.1
Project("{FAE04EC0-301F-11D3-BF4B-00C04F79EFBC}") = "Desafio_1012", "Desafio_1012\Desafio_1012.csproj", "{F16F08EF-074C-47C2-B68B-058185DA2E0C}"
EndProject
Global
	GlobalSection(SolutionConfigurationPlatforms) = preSolution
		Debug|Any CPU = Debug|Any CPU
		Release|Any CPU = Release|Any CPU
	EndGlobalSection
	GlobalSection(ProjectConfigurationPlatforms) = postSolution
		{F16F08EF-074C-47C2-B68B-058185DA2E0C}.Debug|Any CPU.ActiveCfg = Debug|Any CPU
		{F16F08EF-074C-47C2-B68B-058185DA2E0C}.Debug|Any CPU.Build.0 = Debug|Any CPU
		{F16F08EF-074C-47C2-B68B-058185DA2E0C}.Release|Any CPU.ActiveCfg = Release|Any CPU
		{F16F08EF-074C-47C2-B68B-058185DA2E0C}.Release|Any CPU.Build.0 = Release|Any CPU
	EndGlobalSection
	GlobalSection(SolutionProperties) = preSolution
		HideSolutionNode = FALSE
	EndGlobalSection
	GlobalSection(ExtensibilityGlobals) = postSolution
		SolutionGuid = {F4CD7C14-E12E-4255-BCB2-7B92D94BAF84}
	EndGlobalSection
EndGlobal
